{
	"name": "tiptap",
	"version": "0.2.0",
	"lockfileVersion": 1,
	"requires": true,
	"dependencies": {
		"de-indent": {
			"version": "1.0.2",
			"resolved": "https://registry.npmjs.org/de-indent/-/de-indent-1.0.2.tgz",
			"integrity": "sha1-sgOOhG3DO6pXlhKNCAS0VbjB4h0=",
			"dev": true
		},
		"he": {
			"version": "1.1.1",
			"resolved": "https://registry.npmjs.org/he/-/he-1.1.1.tgz",
			"integrity": "sha1-k0EP0hsAlzUVH4howvJx80J+I/0=",
			"dev": true
		},
		"orderedmap": {
			"version": "1.0.0",
			"resolved": "https://registry.npmjs.org/orderedmap/-/orderedmap-1.0.0.tgz",
			"integrity": "sha1-2Q/Cuh7QhRkJB9YB3sbmpT+NQbo="
		},
		"prosemirror-commands": {
			"version": "1.0.7",
			"resolved": "https://registry.npmjs.org/prosemirror-commands/-/prosemirror-commands-1.0.7.tgz",
			"integrity": "sha512-IR8yMSdw7XlKuF68tydAak1J9P/lLD5ohsrL7pzoLsJAJAQU7mVPDXtGbQrrm0mesddFjcc1zNo/cJQN3lRYnA==",
			"requires": {
				"prosemirror-model": "^1.0.0",
				"prosemirror-state": "^1.0.0",
				"prosemirror-transform": "^1.0.0"
			}
		},
		"prosemirror-dropcursor": {
			"version": "1.0.1",
			"resolved": "https://registry.npmjs.org/prosemirror-dropcursor/-/prosemirror-dropcursor-1.0.1.tgz",
			"integrity": "sha512-zLY/Hb/75MS5WF1ESR9T2Y4JQmsBzHZcHHPfrc206ONoQj9NGMJQa9lYYlVBP83bMIF4YPfNIiVmpGXZRUyiBQ==",
			"requires": {
				"prosemirror-state": "^1.0.0",
				"prosemirror-transform": "^1.1.0",
				"prosemirror-view": "^1.1.0"
			}
		},
		"prosemirror-gapcursor": {
			"version": "1.0.2",
			"resolved": "https://registry.npmjs.org/prosemirror-gapcursor/-/prosemirror-gapcursor-1.0.2.tgz",
			"integrity": "sha512-11Ffwe+UOKskVvmTtfM1OYnFJCMvareVTWfFCON5hxm0Pb2pNfyGMFQkj8YIibiHwqfM9yBvAo5HEwjef2QP6A==",
			"requires": {
				"prosemirror-keymap": "^1.0.0",
				"prosemirror-model": "^1.0.0",
				"prosemirror-state": "^1.0.0",
				"prosemirror-view": "^1.0.0"
			}
		},
		"prosemirror-history": {
			"version": "1.0.2",
			"resolved": "https://registry.npmjs.org/prosemirror-history/-/prosemirror-history-1.0.2.tgz",
			"integrity": "sha512-UGPugDKQY8i4sz6vIzFgt+SSGKa2tLVoVajyqpNtczJBzuIDitpgeUT5aOcv/b8zc8NHOM2dGdY97FoEvrCHKQ==",
			"requires": {
				"prosemirror-state": "^1.0.0",
				"prosemirror-transform": "^1.0.0",
				"rope-sequence": "^1.2.0"
			}
		},
		"prosemirror-inputrules": {
			"version": "1.0.1",
			"resolved": "https://registry.npmjs.org/prosemirror-inputrules/-/prosemirror-inputrules-1.0.1.tgz",
			"integrity": "sha512-UHy22NmwxS5WIMQYkzraDttQAF8mpP82FfbJsmKFfx6jwkR/SZa+ZhbkLY0zKQ5fBdJN7euj36JG/B5iAlrpxA==",
			"requires": {
				"prosemirror-state": "^1.0.0",
				"prosemirror-transform": "^1.0.0"
			}
		},
		"prosemirror-keymap": {
			"version": "1.0.1",
			"resolved": "https://registry.npmjs.org/prosemirror-keymap/-/prosemirror-keymap-1.0.1.tgz",
			"integrity": "sha512-e79ApE7PXXZMFtPz7WbjycjAFd1NPjgY1MkecVz98tqwlBSggXWXYQnWFk6x7UkmnBYRHHbXHkR/RXmu2wyBJg==",
			"requires": {
				"prosemirror-state": "^1.0.0",
				"w3c-keyname": "^1.1.8"
			}
		},
		"prosemirror-model": {
			"version": "1.6.1",
			"resolved": "https://registry.npmjs.org/prosemirror-model/-/prosemirror-model-1.6.1.tgz",
			"integrity": "sha512-EUNkm79kk2FvSIbTZyvfPt8PTxn3BtivpqDTg93rE22yFVdiYxvcyhwbi5WTwgVzey0Lfc712QGGOeC63jz07g==",
			"requires": {
				"orderedmap": "^1.0.0"
			}
		},
		"prosemirror-state": {
			"version": "1.2.2",
			"resolved": "https://registry.npmjs.org/prosemirror-state/-/prosemirror-state-1.2.2.tgz",
			"integrity": "sha512-j8aC/kf9BJSCQau485I/9pj39XQoce+TqH5xzekT7WWFARTsRYFLJtiXBcCKakv1VSeev+sC3bJP0pLfz7Ft8g==",
			"requires": {
				"prosemirror-model": "^1.0.0",
				"prosemirror-transform": "^1.0.0"
			}
		},
		"prosemirror-transform": {
			"version": "1.1.3",
			"resolved": "https://registry.npmjs.org/prosemirror-transform/-/prosemirror-transform-1.1.3.tgz",
			"integrity": "sha512-1O6Di5lOL1mp4nuCnQNkHY7l2roIW5y8RH4ZG3hMYmkmDEWzTaFFnxxAAHsE5ipGLBSRcTlP7SsDhYBIdSuLpQ==",
			"requires": {
				"prosemirror-model": "^1.0.0"
			}
		},
		"prosemirror-view": {
			"version": "1.5.0",
			"resolved": "https://registry.npmjs.org/prosemirror-view/-/prosemirror-view-1.5.0.tgz",
			"integrity": "sha512-fPGpavZe+yoSHmpYX/rc9RUMCzQ2YMCw206sjGadrM89lTuhqVwLh6jWpA5I9GwC3pKlFlAgDiX8eeF9gjuLbA==",
			"requires": {
				"prosemirror-model": "^1.1.0",
				"prosemirror-state": "^1.0.0",
				"prosemirror-transform": "^1.1.0"
			}
		},
		"rope-sequence": {
			"version": "1.2.2",
			"resolved": "https://registry.npmjs.org/rope-sequence/-/rope-sequence-1.2.2.tgz",
			"integrity": "sha1-ScTlwvVKSOmQsFCSZ3HihxvLMc4="
		},
		"vue": {
			"version": "2.5.17",
			"resolved": "https://registry.npmjs.org/vue/-/vue-2.5.17.tgz",
			"integrity": "sha512-mFbcWoDIJi0w0Za4emyLiW72Jae0yjANHbCVquMKijcavBGypqlF7zHRgMa5k4sesdv7hv2rB4JPdZfR+TPfhQ==",
			"dev": true
		},
		"vue-template-compiler": {
			"version": "2.5.17",
			"resolved": "https://registry.npmjs.org/vue-template-compiler/-/vue-template-compiler-2.5.17.tgz",
			"integrity": "sha512-63uI4syCwtGR5IJvZM0LN5tVsahrelomHtCxvRkZPJ/Tf3ADm1U1wG6KWycK3qCfqR+ygM5vewUvmJ0REAYksg==",
			"dev": true,
			"requires": {
				"de-indent": "^1.0.2",
				"he": "^1.1.0"
			}
		},
		"w3c-keyname": {
			"version": "1.1.8",
			"resolved": "https://registry.npmjs.org/w3c-keyname/-/w3c-keyname-1.1.8.tgz",
			"integrity": "sha512-2HAdug8GTiu3b4NYhssdtY8PXRue3ICnh1IlxvZYl+hiINRq0GfNWei3XOPDg8L0PsxbmYjWVLuLj6BMRR/9vA=="
		}
	}
}
