lockfileVersion: '9.0'

settings:
  autoInstallPeers: true
  excludeLinksFromLockfile: false

importers:

  .:
    dependencies:
      katex:
        specifier: ^0.16.4
        version: 0.16.22
    devDependencies:
      '@tiptap/core':
        specifier: ^2.23.1
        version: 2.26.1(@tiptap/pm@2.26.1)
      '@tiptap/pm':
        specifier: ^2.23.1
        version: 2.26.1
      '@types/katex':
        specifier: ^0.16.7
        version: 0.16.7

packages:

  '@remirror/core-constants@3.0.0':
    resolution: {integrity: sha512-42aWfPrimMfDKDi4YegyS7x+/0tlzaqwPQCULLanv3DMIlu96KTJR0fM5isWX2UViOqlGnX6YFgqWepcX+XMNg==}

  '@tiptap/core@2.26.1':
    resolution: {integrity: sha512-fymyd/XZvYiHjBoLt1gxs024xP/LY26d43R1vluYq7AHBL/7DE3ywzy+1GEsGyAv5Je2L0KBhNIR/izbq3Kaqg==}
    peerDependencies:
      '@tiptap/pm': ^2.7.0

  '@tiptap/pm@2.26.1':
    resolution: {integrity: sha512-8aF+mY/vSHbGFqyG663ds84b+vca5Lge3tHdTMTKazxCnhXR9dn2oQJMnZ78YZvdRbkPkMJJHti9h3K7u2UQvw==}

  '@types/katex@0.16.7':
    resolution: {integrity: sha512-HMwFiRujE5PjrgwHQ25+bsLJgowjGjm5Z8FVSf0N6PwgJrwxH0QxzHYDcKsTfV3wva0vzrpqMTJS2jXPr5BMEQ==}

  '@types/linkify-it@5.0.0':
    resolution: {integrity: sha512-sVDA58zAw4eWAffKOaQH5/5j3XeayukzDk+ewSsnv3p4yJEZHCCzMDiZM8e0OUrRvmpGZ85jf4yDHkHsgBNr9Q==}

  '@types/markdown-it@14.1.2':
    resolution: {integrity: sha512-promo4eFwuiW+TfGxhi+0x3czqTYJkG8qB17ZUJiVF10Xm7NLVRSLUsfRTU/6h1e24VvRnXCx+hG7li58lkzog==}

  '@types/mdurl@2.0.0':
    resolution: {integrity: sha512-RGdgjQUZba5p6QEFAVx2OGb8rQDL/cPRG7GiedRzMcJ1tYnUANBncjbSB1NRGwbvjcPeikRABz2nshyPk1bhWg==}

  argparse@2.0.1:
    resolution: {integrity: sha512-8+9WqebbFzpX9OR+Wa6O29asIogeRMzcGtAINdpMHHyAg10f05aSFVBbcEqGf/PXw1EjAZ+q2/bEBg3DvurK3Q==}

  commander@8.3.0:
    resolution: {integrity: sha512-OkTL9umf+He2DZkUq8f8J9of7yL6RJKI24dVITBmNfZBmri9zYZQrKkuXiKhyfPSu8tUhnVBB1iKXevvnlR4Ww==}
    engines: {node: '>= 12'}

  crelt@1.0.6:
    resolution: {integrity: sha512-VQ2MBenTq1fWZUH9DJNGti7kKv6EeAuYr3cLwxUWhIu1baTaXh4Ib5W2CqHVqib4/MqbYGJqiL3Zb8GJZr3l4g==}

  entities@4.5.0:
    resolution: {integrity: sha512-V0hjH4dGPh9Ao5p0MoRY6BVqtwCjhz6vI5LT8AJ55H+4g9/4vbHx1I54fS0XuclLhDHArPQCiMjDxjaL8fPxhw==}
    engines: {node: '>=0.12'}

  escape-string-regexp@4.0.0:
    resolution: {integrity: sha512-TtpcNJ3XAzx3Gq8sWRzJaVajRs0uVxA2YAkdb1jm2YkPz4G6egUFAyA3n5vtEIZefPk5Wa4UXbKuS5fKkJWdgA==}
    engines: {node: '>=10'}

  katex@0.16.22:
    resolution: {integrity: sha512-XCHRdUw4lf3SKBaJe4EvgqIuWwkPSo9XoeO8GjQW94Bp7TWv9hNhzZjZ+OH9yf1UmLygb7DIT5GSFQiyt16zYg==}
    hasBin: true

  linkify-it@5.0.0:
    resolution: {integrity: sha512-5aHCbzQRADcdP+ATqnDuhhJ/MRIqDkZX5pyjFHRRysS8vZ5AbqGEoFIb6pYHPZ+L/OC2Lc+xT8uHVVR5CAK/wQ==}

  markdown-it@14.1.0:
    resolution: {integrity: sha512-a54IwgWPaeBCAAsv13YgmALOF1elABB08FxO9i+r4VFk5Vl4pKokRPeX8u5TCgSsPi6ec1otfLjdOpVcgbpshg==}
    hasBin: true

  mdurl@2.0.0:
    resolution: {integrity: sha512-Lf+9+2r+Tdp5wXDXC4PcIBjTDtq4UKjCPMQhKIuzpJNW0b96kVqSwW0bT7FhRSfmAiFYgP+SCRvdrDozfh0U5w==}

  orderedmap@2.1.1:
    resolution: {integrity: sha512-TvAWxi0nDe1j/rtMcWcIj94+Ffe6n7zhow33h40SKxmsmozs6dz/e+EajymfoFcHd7sxNn8yHM8839uixMOV6g==}

  prosemirror-changeset@2.3.1:
    resolution: {integrity: sha512-j0kORIBm8ayJNl3zQvD1TTPHJX3g042et6y/KQhZhnPrruO8exkTgG8X+NRpj7kIyMMEx74Xb3DyMIBtO0IKkQ==}

  prosemirror-collab@1.3.1:
    resolution: {integrity: sha512-4SnynYR9TTYaQVXd/ieUvsVV4PDMBzrq2xPUWutHivDuOshZXqQ5rGbZM84HEaXKbLdItse7weMGOUdDVcLKEQ==}

  prosemirror-commands@1.7.1:
    resolution: {integrity: sha512-rT7qZnQtx5c0/y/KlYaGvtG411S97UaL6gdp6RIZ23DLHanMYLyfGBV5DtSnZdthQql7W+lEVbpSfwtO8T+L2w==}

  prosemirror-dropcursor@1.8.2:
    resolution: {integrity: sha512-CCk6Gyx9+Tt2sbYk5NK0nB1ukHi2ryaRgadV/LvyNuO3ena1payM2z6Cg0vO1ebK8cxbzo41ku2DE5Axj1Zuiw==}

  prosemirror-gapcursor@1.3.2:
    resolution: {integrity: sha512-wtjswVBd2vaQRrnYZaBCbyDqr232Ed4p2QPtRIUK5FuqHYKGWkEwl08oQM4Tw7DOR0FsasARV5uJFvMZWxdNxQ==}

  prosemirror-history@1.4.1:
    resolution: {integrity: sha512-2JZD8z2JviJrboD9cPuX/Sv/1ChFng+xh2tChQ2X4bB2HeK+rra/bmJ3xGntCcjhOqIzSDG6Id7e8RJ9QPXLEQ==}

  prosemirror-inputrules@1.5.0:
    resolution: {integrity: sha512-K0xJRCmt+uSw7xesnHmcn72yBGTbY45vm8gXI4LZXbx2Z0jwh5aF9xrGQgrVPu0WbyFVFF3E/o9VhJYz6SQWnA==}

  prosemirror-keymap@1.2.3:
    resolution: {integrity: sha512-4HucRlpiLd1IPQQXNqeo81BGtkY8Ai5smHhKW9jjPKRc2wQIxksg7Hl1tTI2IfT2B/LgX6bfYvXxEpJl7aKYKw==}

  prosemirror-markdown@1.13.2:
    resolution: {integrity: sha512-FPD9rHPdA9fqzNmIIDhhnYQ6WgNoSWX9StUZ8LEKapaXU9i6XgykaHKhp6XMyXlOWetmaFgGDS/nu/w9/vUc5g==}

  prosemirror-menu@1.2.5:
    resolution: {integrity: sha512-qwXzynnpBIeg1D7BAtjOusR+81xCp53j7iWu/IargiRZqRjGIlQuu1f3jFi+ehrHhWMLoyOQTSRx/IWZJqOYtQ==}

  prosemirror-model@1.25.2:
    resolution: {integrity: sha512-BVypCAJ4SL6jOiTsDffP3Wp6wD69lRhI4zg/iT8JXjp3ccZFiq5WyguxvMKmdKFC3prhaig7wSr8dneDToHE1Q==}

  prosemirror-schema-basic@1.2.4:
    resolution: {integrity: sha512-ELxP4TlX3yr2v5rM7Sb70SqStq5NvI15c0j9j/gjsrO5vaw+fnnpovCLEGIcpeGfifkuqJwl4fon6b+KdrODYQ==}

  prosemirror-schema-list@1.5.1:
    resolution: {integrity: sha512-927lFx/uwyQaGwJxLWCZRkjXG0p48KpMj6ueoYiu4JX05GGuGcgzAy62dfiV8eFZftgyBUvLx76RsMe20fJl+Q==}

  prosemirror-state@1.4.3:
    resolution: {integrity: sha512-goFKORVbvPuAQaXhpbemJFRKJ2aixr+AZMGiquiqKxaucC6hlpHNZHWgz5R7dS4roHiwq9vDctE//CZ++o0W1Q==}

  prosemirror-tables@1.7.1:
    resolution: {integrity: sha512-eRQ97Bf+i9Eby99QbyAiyov43iOKgWa7QCGly+lrDt7efZ1v8NWolhXiB43hSDGIXT1UXgbs4KJN3a06FGpr1Q==}

  prosemirror-trailing-node@3.0.0:
    resolution: {integrity: sha512-xiun5/3q0w5eRnGYfNlW1uU9W6x5MoFKWwq/0TIRgt09lv7Hcser2QYV8t4muXbEr+Fwo0geYn79Xs4GKywrRQ==}
    peerDependencies:
      prosemirror-model: ^1.22.1
      prosemirror-state: ^1.4.2
      prosemirror-view: ^1.33.8

  prosemirror-transform@1.10.4:
    resolution: {integrity: sha512-pwDy22nAnGqNR1feOQKHxoFkkUtepoFAd3r2hbEDsnf4wp57kKA36hXsB3njA9FtONBEwSDnDeCiJe+ItD+ykw==}

  prosemirror-view@1.40.1:
    resolution: {integrity: sha512-pbwUjt3G7TlsQQHDiYSupWBhJswpLVB09xXm1YiJPdkjkh9Pe7Y51XdLh5VWIZmROLY8UpUpG03lkdhm9lzIBA==}

  punycode.js@2.3.1:
    resolution: {integrity: sha512-uxFIHU0YlHYhDQtV4R9J6a52SLx28BCjT+4ieh7IGbgwVJWO+km431c4yRlREUAsAmt/uMjQUyQHNEPf0M39CA==}
    engines: {node: '>=6'}

  rope-sequence@1.3.4:
    resolution: {integrity: sha512-UT5EDe2cu2E/6O4igUr5PSFs23nvvukicWHx6GnOPlHAiiYbzNuCRQCuiUdHJQcqKalLKlrYJnjY0ySGsXNQXQ==}

  uc.micro@2.1.0:
    resolution: {integrity: sha512-ARDJmphmdvUk6Glw7y9DQ2bFkKBHwQHLi2lsaH6PPmz/Ka9sFOBsBluozhDltWmnv9u/cF6Rt87znRTPV+yp/A==}

  w3c-keyname@2.2.8:
    resolution: {integrity: sha512-dpojBhNsCNN7T82Tm7k26A6G9ML3NkhDsnw9n/eoxSRlVBB4CEtIQ/KTCLI2Fwf3ataSXRhYFkQi3SlnFwPvPQ==}

snapshots:

  '@remirror/core-constants@3.0.0': {}

  '@tiptap/core@2.26.1(@tiptap/pm@2.26.1)':
    dependencies:
      '@tiptap/pm': 2.26.1

  '@tiptap/pm@2.26.1':
    dependencies:
      prosemirror-changeset: 2.3.1
      prosemirror-collab: 1.3.1
      prosemirror-commands: 1.7.1
      prosemirror-dropcursor: 1.8.2
      prosemirror-gapcursor: 1.3.2
      prosemirror-history: 1.4.1
      prosemirror-inputrules: 1.5.0
      prosemirror-keymap: 1.2.3
      prosemirror-markdown: 1.13.2
      prosemirror-menu: 1.2.5
      prosemirror-model: 1.25.2
      prosemirror-schema-basic: 1.2.4
      prosemirror-schema-list: 1.5.1
      prosemirror-state: 1.4.3
      prosemirror-tables: 1.7.1
      prosemirror-trailing-node: 3.0.0(prosemirror-model@1.25.2)(prosemirror-state@1.4.3)(prosemirror-view@1.40.1)
      prosemirror-transform: 1.10.4
      prosemirror-view: 1.40.1

  '@types/katex@0.16.7': {}

  '@types/linkify-it@5.0.0': {}

  '@types/markdown-it@14.1.2':
    dependencies:
      '@types/linkify-it': 5.0.0
      '@types/mdurl': 2.0.0

  '@types/mdurl@2.0.0': {}

  argparse@2.0.1: {}

  commander@8.3.0: {}

  crelt@1.0.6: {}

  entities@4.5.0: {}

  escape-string-regexp@4.0.0: {}

  katex@0.16.22:
    dependencies:
      commander: 8.3.0

  linkify-it@5.0.0:
    dependencies:
      uc.micro: 2.1.0

  markdown-it@14.1.0:
    dependencies:
      argparse: 2.0.1
      entities: 4.5.0
      linkify-it: 5.0.0
      mdurl: 2.0.0
      punycode.js: 2.3.1
      uc.micro: 2.1.0

  mdurl@2.0.0: {}

  orderedmap@2.1.1: {}

  prosemirror-changeset@2.3.1:
    dependencies:
      prosemirror-transform: 1.10.4

  prosemirror-collab@1.3.1:
    dependencies:
      prosemirror-state: 1.4.3

  prosemirror-commands@1.7.1:
    dependencies:
      prosemirror-model: 1.25.2
      prosemirror-state: 1.4.3
      prosemirror-transform: 1.10.4

  prosemirror-dropcursor@1.8.2:
    dependencies:
      prosemirror-state: 1.4.3
      prosemirror-transform: 1.10.4
      prosemirror-view: 1.40.1

  prosemirror-gapcursor@1.3.2:
    dependencies:
      prosemirror-keymap: 1.2.3
      prosemirror-model: 1.25.2
      prosemirror-state: 1.4.3
      prosemirror-view: 1.40.1

  prosemirror-history@1.4.1:
    dependencies:
      prosemirror-state: 1.4.3
      prosemirror-transform: 1.10.4
      prosemirror-view: 1.40.1
      rope-sequence: 1.3.4

  prosemirror-inputrules@1.5.0:
    dependencies:
      prosemirror-state: 1.4.3
      prosemirror-transform: 1.10.4

  prosemirror-keymap@1.2.3:
    dependencies:
      prosemirror-state: 1.4.3
      w3c-keyname: 2.2.8

  prosemirror-markdown@1.13.2:
    dependencies:
      '@types/markdown-it': 14.1.2
      markdown-it: 14.1.0
      prosemirror-model: 1.25.2

  prosemirror-menu@1.2.5:
    dependencies:
      crelt: 1.0.6
      prosemirror-commands: 1.7.1
      prosemirror-history: 1.4.1
      prosemirror-state: 1.4.3

  prosemirror-model@1.25.2:
    dependencies:
      orderedmap: 2.1.1

  prosemirror-schema-basic@1.2.4:
    dependencies:
      prosemirror-model: 1.25.2

  prosemirror-schema-list@1.5.1:
    dependencies:
      prosemirror-model: 1.25.2
      prosemirror-state: 1.4.3
      prosemirror-transform: 1.10.4

  prosemirror-state@1.4.3:
    dependencies:
      prosemirror-model: 1.25.2
      prosemirror-transform: 1.10.4
      prosemirror-view: 1.40.1

  prosemirror-tables@1.7.1:
    dependencies:
      prosemirror-keymap: 1.2.3
      prosemirror-model: 1.25.2
      prosemirror-state: 1.4.3
      prosemirror-transform: 1.10.4
      prosemirror-view: 1.40.1

  prosemirror-trailing-node@3.0.0(prosemirror-model@1.25.2)(prosemirror-state@1.4.3)(prosemirror-view@1.40.1):
    dependencies:
      '@remirror/core-constants': 3.0.0
      escape-string-regexp: 4.0.0
      prosemirror-model: 1.25.2
      prosemirror-state: 1.4.3
      prosemirror-view: 1.40.1

  prosemirror-transform@1.10.4:
    dependencies:
      prosemirror-model: 1.25.2

  prosemirror-view@1.40.1:
    dependencies:
      prosemirror-model: 1.25.2
      prosemirror-state: 1.4.3
      prosemirror-transform: 1.10.4

  punycode.js@2.3.1: {}

  rope-sequence@1.3.4: {}

  uc.micro@2.1.0: {}

  w3c-keyname@2.2.8: {}
