{
  "name": "@tiptap/extension-table",
  "version": "2.0.0-beta.52",
  "lockfileVersion": 2,
  "requires": true,
  "packages": {
    "": {
      "name": "@tiptap/extension-table",
      "version": "2.0.0-beta.52",
      "license": "MIT",
      "dependencies": {
        "prosemirror-model": "^1.17.0",
        "prosemirror-state": "^1.4.0",
        "prosemirror-tables-contently": "^1.1.2",
        "prosemirror-view": "^1.25.0"
      },
      "funding": {
        "type": "github",
        "url": "https://github.com/sponsors/ueberdosis"
      },
      "peerDependencies": {
        "@tiptap/core": "^2.0.0-beta.1"
      }
    },
    "node_modules/@tiptap/core": {
      "version": "2.0.0-beta.179",
      "resolved": "https://registry.npmjs.org/@tiptap/core/-/core-2.0.0-beta.179.tgz",
      "integrity": "sha512-weJKZ761+PCimMCSLILsN4IodEGPmnsu+stD+MkUTJSKAp/nCDH0FcIgq80FOF7+TMqRHXWuGoeHf9GSvSMZHQ==",
      "peer": true,
      "dependencies": {
        "@types/prosemirror-commands": "^1.0.4",
        "@types/prosemirror-keymap": "^1.0.4",
        "@types/prosemirror-model": "^1.16.0",
        "@types/prosemirror-schema-list": "^1.0.3",
        "@types/prosemirror-state": "^1.2.8",
        "@types/prosemirror-transform": "^1.1.5",
        "@types/prosemirror-view": "^1.23.1",
        "prosemirror-commands": "^1.2.1",
        "prosemirror-keymap": "^1.1.5",
        "prosemirror-model": "^1.16.1",
        "prosemirror-schema-list": "^1.1.6",
        "prosemirror-state": "^1.3.4",
        "prosemirror-transform": "^1.3.3",
        "prosemirror-view": "^1.23.6"
      },
      "funding": {
        "type": "github",
        "url": "https://github.com/sponsors/ueberdosis"
      }
    },
    "node_modules/@types/orderedmap": {
      "version": "1.0.0",
      "resolved": "https://registry.npmjs.org/@types/orderedmap/-/orderedmap-1.0.0.tgz",
      "integrity": "sha512-dxKo80TqYx3YtBipHwA/SdFmMMyLCnP+5mkEqN0eMjcTBzHkiiX0ES118DsjDBjvD+zeSsSU9jULTZ+frog+Gw==",
      "peer": true
    },
    "node_modules/@types/prosemirror-commands": {
      "version": "1.0.4",
      "resolved": "https://registry.npmjs.org/@types/prosemirror-commands/-/prosemirror-commands-1.0.4.tgz",
      "integrity": "sha512-utDNYB3EXLjAfYIcRWJe6pn3kcQ5kG4RijbT/0Y/TFOm6yhvYS/D9eJVnijdg9LDjykapcezchxGRqFD5LcyaQ==",
      "peer": true,
      "dependencies": {
        "@types/prosemirror-model": "*",
        "@types/prosemirror-state": "*",
        "@types/prosemirror-view": "*"
      }
    },
    "node_modules/@types/prosemirror-keymap": {
      "version": "1.0.4",
      "resolved": "https://registry.npmjs.org/@types/prosemirror-keymap/-/prosemirror-keymap-1.0.4.tgz",
      "integrity": "sha512-ycevwkqUh+jEQtPwqO7sWGcm+Sybmhu8MpBsM8DlO3+YTKnXbKA6SDz/+q14q1wK3UA8lHJyfR+v+GPxfUSemg==",
      "peer": true,
      "dependencies": {
        "@types/prosemirror-commands": "*",
        "@types/prosemirror-model": "*",
        "@types/prosemirror-state": "*",
        "@types/prosemirror-view": "*"
      }
    },
    "node_modules/@types/prosemirror-model": {
      "version": "1.16.2",
      "resolved": "https://registry.npmjs.org/@types/prosemirror-model/-/prosemirror-model-1.16.2.tgz",
      "integrity": "sha512-1XPJopkKP3oHSBP61uuSuW13DIDZPWvAzP6Pv2/6mixk8EBPUeRGIW548DjJTicMo23gEg1zvCZy9asblQdWag==",
      "peer": true,
      "dependencies": {
        "@types/orderedmap": "*"
      }
    },
    "node_modules/@types/prosemirror-schema-list": {
      "version": "1.0.3",
      "resolved": "https://registry.npmjs.org/@types/prosemirror-schema-list/-/prosemirror-schema-list-1.0.3.tgz",
      "integrity": "sha512-uWybOf+M2Ea7rlbs0yLsS4YJYNGXYtn4N+w8HCw3Vvfl6wBAROzlMt0gV/D/VW/7J/LlAjwMezuGe8xi24HzXA==",
      "peer": true,
      "dependencies": {
        "@types/orderedmap": "*",
        "@types/prosemirror-model": "*",
        "@types/prosemirror-state": "*"
      }
    },
    "node_modules/@types/prosemirror-state": {
      "version": "1.3.0",
      "resolved": "https://registry.npmjs.org/@types/prosemirror-state/-/prosemirror-state-1.3.0.tgz",
      "integrity": "sha512-nMdUF6w8B++NH4V54X+4GvDty7M02UfuHQW0s1AS25Z4ZrOW4RSY2+s57doXBbeMSjzYV/QoMxCY2sT3KQ2VdQ==",
      "peer": true,
      "dependencies": {
        "@types/prosemirror-model": "*",
        "@types/prosemirror-transform": "*",
        "@types/prosemirror-view": "*"
      }
    },
    "node_modules/@types/prosemirror-transform": {
      "version": "1.4.2",
      "resolved": "https://registry.npmjs.org/@types/prosemirror-transform/-/prosemirror-transform-1.4.2.tgz",
      "integrity": "sha512-FZNzjYm6YUkb1XXOrw2193TiFzwM92ui1nycNaRSd5JDbugf9yBLkXm4Rq3HGJJxBBkRcUE8niqUW5aWlXQQiQ==",
      "peer": true,
      "dependencies": {
        "@types/prosemirror-model": "*"
      }
    },
    "node_modules/@types/prosemirror-view": {
      "version": "1.23.3",
      "resolved": "https://registry.npmjs.org/@types/prosemirror-view/-/prosemirror-view-1.23.3.tgz",
      "integrity": "sha512-T5dPDmZiXAazJVSvnx55D6h4mcpiH2q2wTyO9zIeOdox5zx964+zcDl9dFNaXG3qCGlERwMPckhBZL1HCxyygw==",
      "peer": true,
      "dependencies": {
        "@types/prosemirror-model": "*",
        "@types/prosemirror-state": "*",
        "@types/prosemirror-transform": "*"
      }
    },
    "node_modules/orderedmap": {
      "version": "2.0.0",
      "resolved": "https://registry.npmjs.org/orderedmap/-/orderedmap-2.0.0.tgz",
      "integrity": "sha512-buf4PoAMlh45b8a8gsGy/X6w279TSqkyAS0C0wdTSJwFSU+ljQFJON5I8NfjLHoCXwpSROIo2wr0g33T+kQshQ=="
    },
    "node_modules/prosemirror-commands": {
      "version": "1.3.0",
      "resolved": "https://registry.npmjs.org/prosemirror-commands/-/prosemirror-commands-1.3.0.tgz",
      "integrity": "sha512-BwBbZ5OAScPcm0x7H8SPbqjuEJnCU2RJT9LDyOiiIl/3NbL1nJZI4SFNHwU2e/tRr2Xe7JsptpzseqvZvToLBQ==",
      "peer": true,
      "dependencies": {
        "prosemirror-model": "^1.0.0",
        "prosemirror-state": "^1.0.0",
        "prosemirror-transform": "^1.0.0"
      }
    },
    "node_modules/prosemirror-keymap": {
      "version": "1.2.0",
      "resolved": "https://registry.npmjs.org/prosemirror-keymap/-/prosemirror-keymap-1.2.0.tgz",
      "integrity": "sha512-TdSfu+YyLDd54ufN/ZeD1VtBRYpgZnTPnnbY+4R08DDgs84KrIPEPbJL8t1Lm2dkljFx6xeBE26YWH3aIzkPKg==",
      "dependencies": {
        "prosemirror-state": "^1.0.0",
        "w3c-keyname": "^2.2.0"
      }
    },
    "node_modules/prosemirror-model": {
      "version": "1.18.1",
      "resolved": "https://registry.npmjs.org/prosemirror-model/-/prosemirror-model-1.18.1.tgz",
      "integrity": "sha512-IxSVBKAEMjD7s3n8cgtwMlxAXZrC7Mlag7zYsAKDndAqnDScvSmp/UdnRTV/B33lTCVU3CCm7dyAn/rVVD0mcw==",
      "dependencies": {
        "orderedmap": "^2.0.0"
      }
    },
    "node_modules/prosemirror-schema-list": {
      "version": "1.2.0",
      "resolved": "https://registry.npmjs.org/prosemirror-schema-list/-/prosemirror-schema-list-1.2.0.tgz",
      "integrity": "sha512-8PT/9xOx1HHdC7fDNNfhQ50Z8Mzu7nKyA1KCDltSpcZVZIbB0k7KtsHrnXyuIhbLlScoymBiLZ00c5MH6wdFsA==",
      "peer": true,
      "dependencies": {
        "prosemirror-model": "^1.0.0",
        "prosemirror-state": "^1.0.0",
        "prosemirror-transform": "^1.0.0"
      }
    },
    "node_modules/prosemirror-state": {
      "version": "1.4.0",
      "resolved": "https://registry.npmjs.org/prosemirror-state/-/prosemirror-state-1.4.0.tgz",
      "integrity": "sha512-mVDZdjNX/YT5FvypiwbphJe9psA5h+j9apsSszVRFc6oKFoIInvzdujh8QW9f9lwHtSYajLxNiM1hPhd0Sl1XA==",
      "dependencies": {
        "prosemirror-model": "^1.0.0",
        "prosemirror-transform": "^1.0.0"
      }
    },
    "node_modules/prosemirror-tables-contently": {
      "version": "1.1.2",
      "resolved": "https://registry.npmjs.org/prosemirror-tables-contently/-/prosemirror-tables-contently-1.1.2.tgz",
      "integrity": "sha512-REa13GZyVcmwUef6eFfGIZ4IIT3n+95+FEQC0mIg3F7MlwBp5q2lL5y/Pl8EcSIDDagoXp/8oW6uaYy0tWhb6A==",
      "dependencies": {
        "prosemirror-keymap": "^1.1.2",
        "prosemirror-model": "^1.8.1",
        "prosemirror-state": "^1.3.1",
        "prosemirror-transform": "^1.2.1",
        "prosemirror-view": "^1.13.3"
      }
    },
    "node_modules/prosemirror-transform": {
      "version": "1.6.0",
      "resolved": "https://registry.npmjs.org/prosemirror-transform/-/prosemirror-transform-1.6.0.tgz",
      "integrity": "sha512-MAp7AjsjEGEqQY0sSMufNIUuEyB1ZR9Fqlm8dTwwWwpEJRv/plsKjWXBbx52q3Ml8MtaMcd7ic14zAHVB3WaMw==",
      "dependencies": {
        "prosemirror-model": "^1.0.0"
      }
    },
    "node_modules/prosemirror-view": {
      "version": "1.26.1",
      "resolved": "https://registry.npmjs.org/prosemirror-view/-/prosemirror-view-1.26.1.tgz",
      "integrity": "sha512-8MEuEFQ64zoIRSz24A97WhtSqtZynTwTsECt0kOh0TotNx/YRPKWozEmUJUmJGUYsFowZNdsI0gm1bvX1x3/9Q==",
      "dependencies": {
        "prosemirror-model": "^1.16.0",
        "prosemirror-state": "^1.0.0",
        "prosemirror-transform": "^1.1.0"
      }
    },
    "node_modules/w3c-keyname": {
      "version": "2.2.4",
      "resolved": "https://registry.npmjs.org/w3c-keyname/-/w3c-keyname-2.2.4.tgz",
      "integrity": "sha512-tOhfEwEzFLJzf6d1ZPkYfGj+FWhIpBux9ppoP3rlclw3Z0BZv3N7b7030Z1kYth+6rDuAsXUFr+d0VE6Ed1ikw=="
    }
  },
  "dependencies": {
    "@tiptap/core": {
      "version": "2.0.0-beta.179",
      "resolved": "https://registry.npmjs.org/@tiptap/core/-/core-2.0.0-beta.179.tgz",
      "integrity": "sha512-weJKZ761+PCimMCSLILsN4IodEGPmnsu+stD+MkUTJSKAp/nCDH0FcIgq80FOF7+TMqRHXWuGoeHf9GSvSMZHQ==",
      "peer": true,
      "requires": {
        "@types/prosemirror-commands": "^1.0.4",
        "@types/prosemirror-keymap": "^1.0.4",
        "@types/prosemirror-model": "^1.16.0",
        "@types/prosemirror-schema-list": "^1.0.3",
        "@types/prosemirror-state": "^1.2.8",
        "@types/prosemirror-transform": "^1.1.5",
        "@types/prosemirror-view": "^1.23.1",
        "prosemirror-commands": "^1.2.1",
        "prosemirror-keymap": "^1.1.5",
        "prosemirror-model": "^1.16.1",
        "prosemirror-schema-list": "^1.1.6",
        "prosemirror-state": "^1.3.4",
        "prosemirror-transform": "^1.3.3",
        "prosemirror-view": "^1.23.6"
      }
    },
    "@types/orderedmap": {
      "version": "1.0.0",
      "resolved": "https://registry.npmjs.org/@types/orderedmap/-/orderedmap-1.0.0.tgz",
      "integrity": "sha512-dxKo80TqYx3YtBipHwA/SdFmMMyLCnP+5mkEqN0eMjcTBzHkiiX0ES118DsjDBjvD+zeSsSU9jULTZ+frog+Gw==",
      "peer": true
    },
    "@types/prosemirror-commands": {
      "version": "1.0.4",
      "resolved": "https://registry.npmjs.org/@types/prosemirror-commands/-/prosemirror-commands-1.0.4.tgz",
      "integrity": "sha512-utDNYB3EXLjAfYIcRWJe6pn3kcQ5kG4RijbT/0Y/TFOm6yhvYS/D9eJVnijdg9LDjykapcezchxGRqFD5LcyaQ==",
      "peer": true,
      "requires": {
        "@types/prosemirror-model": "*",
        "@types/prosemirror-state": "*",
        "@types/prosemirror-view": "*"
      }
    },
    "@types/prosemirror-keymap": {
      "version": "1.0.4",
      "resolved": "https://registry.npmjs.org/@types/prosemirror-keymap/-/prosemirror-keymap-1.0.4.tgz",
      "integrity": "sha512-ycevwkqUh+jEQtPwqO7sWGcm+Sybmhu8MpBsM8DlO3+YTKnXbKA6SDz/+q14q1wK3UA8lHJyfR+v+GPxfUSemg==",
      "peer": true,
      "requires": {
        "@types/prosemirror-commands": "*",
        "@types/prosemirror-model": "*",
        "@types/prosemirror-state": "*",
        "@types/prosemirror-view": "*"
      }
    },
    "@types/prosemirror-model": {
      "version": "1.16.2",
      "resolved": "https://registry.npmjs.org/@types/prosemirror-model/-/prosemirror-model-1.16.2.tgz",
      "integrity": "sha512-1XPJopkKP3oHSBP61uuSuW13DIDZPWvAzP6Pv2/6mixk8EBPUeRGIW548DjJTicMo23gEg1zvCZy9asblQdWag==",
      "peer": true,
      "requires": {
        "@types/orderedmap": "*"
      }
    },
    "@types/prosemirror-schema-list": {
      "version": "1.0.3",
      "resolved": "https://registry.npmjs.org/@types/prosemirror-schema-list/-/prosemirror-schema-list-1.0.3.tgz",
      "integrity": "sha512-uWybOf+M2Ea7rlbs0yLsS4YJYNGXYtn4N+w8HCw3Vvfl6wBAROzlMt0gV/D/VW/7J/LlAjwMezuGe8xi24HzXA==",
      "peer": true,
      "requires": {
        "@types/orderedmap": "*",
        "@types/prosemirror-model": "*",
        "@types/prosemirror-state": "*"
      }
    },
    "@types/prosemirror-state": {
      "version": "1.3.0",
      "resolved": "https://registry.npmjs.org/@types/prosemirror-state/-/prosemirror-state-1.3.0.tgz",
      "integrity": "sha512-nMdUF6w8B++NH4V54X+4GvDty7M02UfuHQW0s1AS25Z4ZrOW4RSY2+s57doXBbeMSjzYV/QoMxCY2sT3KQ2VdQ==",
      "peer": true,
      "requires": {
        "@types/prosemirror-model": "*",
        "@types/prosemirror-transform": "*",
        "@types/prosemirror-view": "*"
      }
    },
    "@types/prosemirror-transform": {
      "version": "1.4.2",
      "resolved": "https://registry.npmjs.org/@types/prosemirror-transform/-/prosemirror-transform-1.4.2.tgz",
      "integrity": "sha512-FZNzjYm6YUkb1XXOrw2193TiFzwM92ui1nycNaRSd5JDbugf9yBLkXm4Rq3HGJJxBBkRcUE8niqUW5aWlXQQiQ==",
      "peer": true,
      "requires": {
        "@types/prosemirror-model": "*"
      }
    },
    "@types/prosemirror-view": {
      "version": "1.23.3",
      "resolved": "https://registry.npmjs.org/@types/prosemirror-view/-/prosemirror-view-1.23.3.tgz",
      "integrity": "sha512-T5dPDmZiXAazJVSvnx55D6h4mcpiH2q2wTyO9zIeOdox5zx964+zcDl9dFNaXG3qCGlERwMPckhBZL1HCxyygw==",
      "peer": true,
      "requires": {
        "@types/prosemirror-model": "*",
        "@types/prosemirror-state": "*",
        "@types/prosemirror-transform": "*"
      }
    },
    "orderedmap": {
      "version": "2.0.0",
      "resolved": "https://registry.npmjs.org/orderedmap/-/orderedmap-2.0.0.tgz",
      "integrity": "sha512-buf4PoAMlh45b8a8gsGy/X6w279TSqkyAS0C0wdTSJwFSU+ljQFJON5I8NfjLHoCXwpSROIo2wr0g33T+kQshQ=="
    },
    "prosemirror-commands": {
      "version": "1.3.0",
      "resolved": "https://registry.npmjs.org/prosemirror-commands/-/prosemirror-commands-1.3.0.tgz",
      "integrity": "sha512-BwBbZ5OAScPcm0x7H8SPbqjuEJnCU2RJT9LDyOiiIl/3NbL1nJZI4SFNHwU2e/tRr2Xe7JsptpzseqvZvToLBQ==",
      "peer": true,
      "requires": {
        "prosemirror-model": "^1.0.0",
        "prosemirror-state": "^1.0.0",
        "prosemirror-transform": "^1.0.0"
      }
    },
    "prosemirror-keymap": {
      "version": "1.2.0",
      "resolved": "https://registry.npmjs.org/prosemirror-keymap/-/prosemirror-keymap-1.2.0.tgz",
      "integrity": "sha512-TdSfu+YyLDd54ufN/ZeD1VtBRYpgZnTPnnbY+4R08DDgs84KrIPEPbJL8t1Lm2dkljFx6xeBE26YWH3aIzkPKg==",
      "requires": {
        "prosemirror-state": "^1.0.0",
        "w3c-keyname": "^2.2.0"
      }
    },
    "prosemirror-model": {
      "version": "1.18.1",
      "resolved": "https://registry.npmjs.org/prosemirror-model/-/prosemirror-model-1.18.1.tgz",
      "integrity": "sha512-IxSVBKAEMjD7s3n8cgtwMlxAXZrC7Mlag7zYsAKDndAqnDScvSmp/UdnRTV/B33lTCVU3CCm7dyAn/rVVD0mcw==",
      "requires": {
        "orderedmap": "^2.0.0"
      }
    },
    "prosemirror-schema-list": {
      "version": "1.2.0",
      "resolved": "https://registry.npmjs.org/prosemirror-schema-list/-/prosemirror-schema-list-1.2.0.tgz",
      "integrity": "sha512-8PT/9xOx1HHdC7fDNNfhQ50Z8Mzu7nKyA1KCDltSpcZVZIbB0k7KtsHrnXyuIhbLlScoymBiLZ00c5MH6wdFsA==",
      "peer": true,
      "requires": {
        "prosemirror-model": "^1.0.0",
        "prosemirror-state": "^1.0.0",
        "prosemirror-transform": "^1.0.0"
      }
    },
    "prosemirror-state": {
      "version": "1.4.0",
      "resolved": "https://registry.npmjs.org/prosemirror-state/-/prosemirror-state-1.4.0.tgz",
      "integrity": "sha512-mVDZdjNX/YT5FvypiwbphJe9psA5h+j9apsSszVRFc6oKFoIInvzdujh8QW9f9lwHtSYajLxNiM1hPhd0Sl1XA==",
      "requires": {
        "prosemirror-model": "^1.0.0",
        "prosemirror-transform": "^1.0.0"
      }
    },
    "prosemirror-tables-contently": {
      "version": "1.1.2",
      "resolved": "https://registry.npmjs.org/prosemirror-tables-contently/-/prosemirror-tables-contently-1.1.2.tgz",
      "integrity": "sha512-REa13GZyVcmwUef6eFfGIZ4IIT3n+95+FEQC0mIg3F7MlwBp5q2lL5y/Pl8EcSIDDagoXp/8oW6uaYy0tWhb6A==",
      "requires": {
        "prosemirror-keymap": "^1.1.2",
        "prosemirror-model": "^1.8.1",
        "prosemirror-state": "^1.3.1",
        "prosemirror-transform": "^1.2.1",
        "prosemirror-view": "^1.13.3"
      }
    },
    "prosemirror-transform": {
      "version": "1.6.0",
      "resolved": "https://registry.npmjs.org/prosemirror-transform/-/prosemirror-transform-1.6.0.tgz",
      "integrity": "sha512-MAp7AjsjEGEqQY0sSMufNIUuEyB1ZR9Fqlm8dTwwWwpEJRv/plsKjWXBbx52q3Ml8MtaMcd7ic14zAHVB3WaMw==",
      "requires": {
        "prosemirror-model": "^1.0.0"
      }
    },
    "prosemirror-view": {
      "version": "1.26.1",
      "resolved": "https://registry.npmjs.org/prosemirror-view/-/prosemirror-view-1.26.1.tgz",
      "integrity": "sha512-8MEuEFQ64zoIRSz24A97WhtSqtZynTwTsECt0kOh0TotNx/YRPKWozEmUJUmJGUYsFowZNdsI0gm1bvX1x3/9Q==",
      "requires": {
        "prosemirror-model": "^1.16.0",
        "prosemirror-state": "^1.0.0",
        "prosemirror-transform": "^1.1.0"
      }
    },
    "w3c-keyname": {
      "version": "2.2.4",
      "resolved": "https://registry.npmjs.org/w3c-keyname/-/w3c-keyname-2.2.4.tgz",
      "integrity": "sha512-tOhfEwEzFLJzf6d1ZPkYfGj+FWhIpBux9ppoP3rlclw3Z0BZv3N7b7030Z1kYth+6rDuAsXUFr+d0VE6Ed1ikw=="
    }
  }
}
